github.com/rakunlabs/cache v0.4.0 h1:GKMc4UrbSh1wA/u9VNAsF3YoaNlwo0MerHyxMFnf0rM=
github.com/rakunlabs/cache v0.4.0/go.mod h1:fS/o93H/6d21HfValg5rGOIn5qhpZJLvjsF9pwV7Q4Q=
github.com/rakunlabs/tummy v0.1.3 h1:jt01GKnAZd+z0ZO0ScQa8r9Vl3ObY8Tl6CDGfqIF5ZQ=
github.com/rakunlabs/tummy v0.1.3/go.mod h1:KEoD3yG+kC+7uR0WdFTVrfBZT/3WfqFdPCFWGmdB/Bs=
