github.com/rakunlabs/cache v0.3.3 h1:+F9BxUvPDIkNl2w/vVJWbLZKBFwMzuPMIdP0Mik4TPo=
github.com/rakunlabs/cache v0.3.3/go.mod h1:sYiqAPj7bU5ZqxOSNGjvMll9CsTxTl+QkzqQjtQE408=
github.com/rakunlabs/tummy v0.1.2 h1:rKKvdT/JLCZTeKwDAKWK7jwnDLETx/5hGPBv2LT6lDs=
github.com/rakunlabs/tummy v0.1.2/go.mod h1:KEoD3yG+kC+7uR0WdFTVrfBZT/3WfqFdPCFWGmdB/Bs=
